// !$*UTF8*$!
{
	archiveVersion = 1;
	classes = {
	};
	objectVersion = 55;
	objects = {

/* Begin PBXBuildFile section */
		4B0EA492299EB6F8005F6FFE /* taskPesentageCircle.swift in Sources */ = {isa = PBXBuildFile; fileRef = 4B0EA491299EB6F8005F6FFE /* taskPesentageCircle.swift */; };
		4B155509299F5F7E00B5913C /* homeView.swift in Sources */ = {isa = PBXBuildFile; fileRef = 4B155508299F5F7E00B5913C /* homeView.swift */; };
		4B15550B299F605D00B5913C /* extensions&Functions.swift in Sources */ = {isa = PBXBuildFile; fileRef = 4B15550A299F605D00B5913C /* extensions&Functions.swift */; };
		4B15550D299F6CCB00B5913C /* statisticView.swift in Sources */ = {isa = PBXBuildFile; fileRef = 4B15550C299F6CCB00B5913C /* statisticView.swift */; };
		4B15550F299F6F4C00B5913C /* mainView.swift in Sources */ = {isa = PBXBuildFile; fileRef = 4B15550E299F6F4C00B5913C /* mainView.swift */; };
		4B155511299F73B800B5913C /* tasksCategoryList.swift in Sources */ = {isa = PBXBuildFile; fileRef = 4B155510299F73B800B5913C /* tasksCategoryList.swift */; };
		4B155513299F7BCD00B5913C /* testView.swift in Sources */ = {isa = PBXBuildFile; fileRef = 4B155512299F7BCD00B5913C /* testView.swift */; };
		4B155515299F9FAF00B5913C /* addTextView.swift in Sources */ = {isa = PBXBuildFile; fileRef = 4B155514299F9FAF00B5913C /* addTextView.swift */; };
		4B155517299FA41B00B5913C /* taskListView.swift in Sources */ = {isa = PBXBuildFile; fileRef = 4B155516299FA41B00B5913C /* taskListView.swift */; };
		4BA7F91129900BA300157886 /* iTodoApp.swift in Sources */ = {isa = PBXBuildFile; fileRef = 4BA7F91029900BA300157886 /* iTodoApp.swift */; };
		4BA7F91329900BA300157886 /* ContentView.swift in Sources */ = {isa = PBXBuildFile; fileRef = 4BA7F91229900BA300157886 /* ContentView.swift */; };
		4BA7F91529900BA400157886 /* Assets.xcassets in Resources */ = {isa = PBXBuildFile; fileRef = 4BA7F91429900BA400157886 /* Assets.xcassets */; };
		4BA7F91829900BA400157886 /* Preview Assets.xcassets in Resources */ = {isa = PBXBuildFile; fileRef = 4BA7F91729900BA400157886 /* Preview Assets.xcassets */; };
		4BA7F91A29900BA400157886 /* Persistence.swift in Sources */ = {isa = PBXBuildFile; fileRef = 4BA7F91929900BA400157886 /* Persistence.swift */; };
		4BA7F91D29900BA400157886 /* iTodo.xcdatamodeld in Sources */ = {isa = PBXBuildFile; fileRef = 4BA7F91B29900BA400157886 /* iTodo.xcdatamodeld */; };
		4BA7F92429900C6200157886 /* historyView.swift in Sources */ = {isa = PBXBuildFile; fileRef = 4BA7F92329900C6200157886 /* historyView.swift */; };
/* End PBXBuildFile section */

/* Begin PBXFileReference section */
		4B0EA491299EB6F8005F6FFE /* taskPesentageCircle.swift */ = {isa = PBXFileReference; lastKnownFileType = sourcecode.swift; path = taskPesentageCircle.swift; sourceTree = "<group>"; };
		4B155508299F5F7E00B5913C /* homeView.swift */ = {isa = PBXFileReference; lastKnownFileType = sourcecode.swift; path = homeView.swift; sourceTree = "<group>"; };
		4B15550A299F605D00B5913C /* extensions&Functions.swift */ = {isa = PBXFileReference; lastKnownFileType = sourcecode.swift; path = "extensions&Functions.swift"; sourceTree = "<group>"; };
		4B15550C299F6CCB00B5913C /* statisticView.swift */ = {isa = PBXFileReference; lastKnownFileType = sourcecode.swift; path = statisticView.swift; sourceTree = "<group>"; };
		4B15550E299F6F4C00B5913C /* mainView.swift */ = {isa = PBXFileReference; lastKnownFileType = sourcecode.swift; path = mainView.swift; sourceTree = "<group>"; };
		4B155510299F73B800B5913C /* tasksCategoryList.swift */ = {isa = PBXFileReference; lastKnownFileType = sourcecode.swift; path = tasksCategoryList.swift; sourceTree = "<group>"; };
		4B155512299F7BCD00B5913C /* testView.swift */ = {isa = PBXFileReference; lastKnownFileType = sourcecode.swift; path = testView.swift; sourceTree = "<group>"; };
		4B155514299F9FAF00B5913C /* addTextView.swift */ = {isa = PBXFileReference; lastKnownFileType = sourcecode.swift; path = addTextView.swift; sourceTree = "<group>"; };
		4B155516299FA41B00B5913C /* taskListView.swift */ = {isa = PBXFileReference; lastKnownFileType = sourcecode.swift; path = taskListView.swift; sourceTree = "<group>"; };
		4BA7F90D29900BA300157886 /* iTodo.app */ = {isa = PBXFileReference; explicitFileType = wrapper.application; includeInIndex = 0; path = iTodo.app; sourceTree = BUILT_PRODUCTS_DIR; };
		4BA7F91029900BA300157886 /* iTodoApp.swift */ = {isa = PBXFileReference; lastKnownFileType = sourcecode.swift; path = iTodoApp.swift; sourceTree = "<group>"; };
		4BA7F91229900BA300157886 /* ContentView.swift */ = {isa = PBXFileReference; lastKnownFileType = sourcecode.swift; path = ContentView.swift; sourceTree = "<group>"; };
		4BA7F91429900BA400157886 /* Assets.xcassets */ = {isa = PBXFileReference; lastKnownFileType = folder.assetcatalog; path = Assets.xcassets; sourceTree = "<group>"; };
		4BA7F91729900BA400157886 /* Preview Assets.xcassets */ = {isa = PBXFileReference; lastKnownFileType = folder.assetcatalog; path = "Preview Assets.xcassets"; sourceTree = "<group>"; };
		4BA7F91929900BA400157886 /* Persistence.swift */ = {isa = PBXFileReference; lastKnownFileType = sourcecode.swift; path = Persistence.swift; sourceTree = "<group>"; };
		4BA7F91C29900BA400157886 /* iTodo.xcdatamodel */ = {isa = PBXFileReference; lastKnownFileType = wrapper.xcdatamodel; path = iTodo.xcdatamodel; sourceTree = "<group>"; };
		4BA7F92329900C6200157886 /* historyView.swift */ = {isa = PBXFileReference; lastKnownFileType = sourcecode.swift; path = historyView.swift; sourceTree = "<group>"; };
/* End PBXFileReference section */

/* Begin PBXFrameworksBuildPhase section */
		4BA7F90A29900BA300157886 /* Frameworks */ = {
			isa = PBXFrameworksBuildPhase;
			buildActionMask = 2147483647;
			files = (
			);
			runOnlyForDeploymentPostprocessing = 0;
		};
/* End PBXFrameworksBuildPhase section */

/* Begin PBXGroup section */
		4BA7F90429900BA300157886 = {
			isa = PBXGroup;
			children = (
				4BA7F90F29900BA300157886 /* iTodo */,
				4BA7F90E29900BA300157886 /* Products */,
			);
			sourceTree = "<group>";
		};
		4BA7F90E29900BA300157886 /* Products */ = {
			isa = PBXGroup;
			children = (
				4BA7F90D29900BA300157886 /* iTodo.app */,
			);
			name = Products;
			sourceTree = "<group>";
		};
		4BA7F90F29900BA300157886 /* iTodo */ = {
			isa = PBXGroup;
			children = (
				4BA7F91029900BA300157886 /* iTodoApp.swift */,
				4BA7F91229900BA300157886 /* ContentView.swift */,
				4BA7F92329900C6200157886 /* historyView.swift */,
				4B0EA491299EB6F8005F6FFE /* taskPesentageCircle.swift */,
				4B155508299F5F7E00B5913C /* homeView.swift */,
				4B155516299FA41B00B5913C /* taskListView.swift */,
				4B15550A299F605D00B5913C /* extensions&Functions.swift */,
				4B15550C299F6CCB00B5913C /* statisticView.swift */,
				4B15550E299F6F4C00B5913C /* mainView.swift */,
				4B155510299F73B800B5913C /* tasksCategoryList.swift */,
				4B155514299F9FAF00B5913C /* addTextView.swift */,
				4B155512299F7BCD00B5913C /* testView.swift */,
				4BA7F91429900BA400157886 /* Assets.xcassets */,
				4BA7F91929900BA400157886 /* Persistence.swift */,
				4BA7F91B29900BA400157886 /* iTodo.xcdatamodeld */,
				4BA7F91629900BA400157886 /* Preview Content */,
			);
			path = iTodo;
			sourceTree = "<group>";
		};
		4BA7F91629900BA400157886 /* Preview Content */ = {
			isa = PBXGroup;
			children = (
				4BA7F91729900BA400157886 /* Preview Assets.xcassets */,
			);
			path = "Preview Content";
			sourceTree = "<group>";
		};
/* End PBXGroup section */

/* Begin PBXNativeTarget section */
		4BA7F90C29900BA300157886 /* iTodo */ = {
			isa = PBXNativeTarget;
			buildConfigurationList = 4BA7F92029900BA400157886 /* Build configuration list for PBXNativeTarget "iTodo" */;
			buildPhases = (
				4BA7F90929900BA300157886 /* Sources */,
				4BA7F90A29900BA300157886 /* Frameworks */,
				4BA7F90B29900BA300157886 /* Resources */,
			);
			buildRules = (
			);
			dependencies = (
			);
			name = iTodo;
			productName = iTodo;
			productReference = 4BA7F90D29900BA300157886 /* iTodo.app */;
			productType = "com.apple.product-type.application";
		};
/* End PBXNativeTarget section */

/* Begin PBXProject section */
		4BA7F90529900BA300157886 /* Project object */ = {
			isa = PBXProject;
			attributes = {
				BuildIndependentTargetsInParallel = 1;
				LastSwiftUpdateCheck = 1340;
				LastUpgradeCheck = 1340;
				TargetAttributes = {
					4BA7F90C29900BA300157886 = {
						CreatedOnToolsVersion = 13.4.1;
					};
				};
			};
			buildConfigurationList = 4BA7F90829900BA300157886 /* Build configuration list for PBXProject "iTodo" */;
			compatibilityVersion = "Xcode 13.0";
			developmentRegion = en;
			hasScannedForEncodings = 0;
			knownRegions = (
				en,
				Base,
			);
			mainGroup = 4BA7F90429900BA300157886;
			productRefGroup = 4BA7F90E29900BA300157886 /* Products */;
			projectDirPath = "";
			projectRoot = "";
			targets = (
				4BA7F90C29900BA300157886 /* iTodo */,
			);
		};
/* End PBXProject section */

/* Begin PBXResourcesBuildPhase section */
		4BA7F90B29900BA300157886 /* Resources */ = {
			isa = PBXResourcesBuildPhase;
			buildActionMask = 2147483647;
			files = (
				4BA7F91829900BA400157886 /* Preview Assets.xcassets in Resources */,
				4BA7F91529900BA400157886 /* Assets.xcassets in Resources */,
			);
			runOnlyForDeploymentPostprocessing = 0;
		};
/* End PBXResourcesBuildPhase section */

/* Begin PBXSourcesBuildPhase section */
		4BA7F90929900BA300157886 /* Sources */ = {
			isa = PBXSourcesBuildPhase;
			buildActionMask = 2147483647;
			files = (
				4B155509299F5F7E00B5913C /* homeView.swift in Sources */,
				4BA7F91A29900BA400157886 /* Persistence.swift in Sources */,
				4B0EA492299EB6F8005F6FFE /* taskPesentageCircle.swift in Sources */,
				4B15550F299F6F4C00B5913C /* mainView.swift in Sources */,
				4B15550D299F6CCB00B5913C /* statisticView.swift in Sources */,
				4BA7F91D29900BA400157886 /* iTodo.xcdatamodeld in Sources */,
				4B15550B299F605D00B5913C /* extensions&Functions.swift in Sources */,
				4BA7F92429900C6200157886 /* historyView.swift in Sources */,
				4B155513299F7BCD00B5913C /* testView.swift in Sources */,
				4B155517299FA41B00B5913C /* taskListView.swift in Sources */,
				4BA7F91329900BA300157886 /* ContentView.swift in Sources */,
				4BA7F91129900BA300157886 /* iTodoApp.swift in Sources */,
				4B155511299F73B800B5913C /* tasksCategoryList.swift in Sources */,
				4B155515299F9FAF00B5913C /* addTextView.swift in Sources */,
			);
			runOnlyForDeploymentPostprocessing = 0;
		};
/* End PBXSourcesBuildPhase section */

/* Begin XCBuildConfiguration section */
		4BA7F91E29900BA400157886 /* Debug */ = {
			isa = XCBuildConfiguration;
			buildSettings = {
				ALWAYS_SEARCH_USER_PATHS = NO;
				CLANG_ANALYZER_NONNULL = YES;
				CLANG_ANALYZER_NUMBER_OBJECT_CONVERSION = YES_AGGRESSIVE;
				CLANG_CXX_LANGUAGE_STANDARD = "gnu++17";
				CLANG_ENABLE_MODULES = YES;
				CLANG_ENABLE_OBJC_ARC = YES;
				CLANG_ENABLE_OBJC_WEAK = YES;
				CLANG_WARN_BLOCK_CAPTURE_AUTORELEASING = YES;
				CLANG_WARN_BOOL_CONVERSION = YES;
				CLANG_WARN_COMMA = YES;
				CLANG_WARN_CONSTANT_CONVERSION = YES;
				CLANG_WARN_DEPRECATED_OBJC_IMPLEMENTATIONS = YES;
				CLANG_WARN_DIRECT_OBJC_ISA_USAGE = YES_ERROR;
				CLANG_WARN_DOCUMENTATION_COMMENTS = YES;
				CLANG_WARN_EMPTY_BODY = YES;
				CLANG_WARN_ENUM_CONVERSION = YES;
				CLANG_WARN_INFINITE_RECURSION = YES;
				CLANG_WARN_INT_CONVERSION = YES;
				CLANG_WARN_NON_LITERAL_NULL_CONVERSION = YES;
				CLANG_WARN_OBJC_IMPLICIT_RETAIN_SELF = YES;
				CLANG_WARN_OBJC_LITERAL_CONVERSION = YES;
				CLANG_WARN_OBJC_ROOT_CLASS = YES_ERROR;
				CLANG_WARN_QUOTED_INCLUDE_IN_FRAMEWORK_HEADER = YES;
				CLANG_WARN_RANGE_LOOP_ANALYSIS = YES;
				CLANG_WARN_STRICT_PROTOTYPES = YES;
				CLANG_WARN_SUSPICIOUS_MOVE = YES;
				CLANG_WARN_UNGUARDED_AVAILABILITY = YES_AGGRESSIVE;
				CLANG_WARN_UNREACHABLE_CODE = YES;
				CLANG_WARN__DUPLICATE_METHOD_MATCH = YES;
				COPY_PHASE_STRIP = NO;
				DEBUG_INFORMATION_FORMAT = dwarf;
				ENABLE_STRICT_OBJC_MSGSEND = YES;
				ENABLE_TESTABILITY = YES;
				GCC_C_LANGUAGE_STANDARD = gnu11;
				GCC_DYNAMIC_NO_PIC = NO;
				GCC_NO_COMMON_BLOCKS = YES;
				GCC_OPTIMIZATION_LEVEL = 0;
				GCC_PREPROCESSOR_DEFINITIONS = (
					"DEBUG=1",
					"$(inherited)",
				);
				GCC_WARN_64_TO_32_BIT_CONVERSION = YES;
				GCC_WARN_ABOUT_RETURN_TYPE = YES_ERROR;
				GCC_WARN_UNDECLARED_SELECTOR = YES;
				GCC_WARN_UNINITIALIZED_AUTOS = YES_AGGRESSIVE;
				GCC_WARN_UNUSED_FUNCTION = YES;
				GCC_WARN_UNUSED_VARIABLE = YES;
				IPHONEOS_DEPLOYMENT_TARGET = 15.5;
				MTL_ENABLE_DEBUG_INFO = INCLUDE_SOURCE;
				MTL_FAST_MATH = YES;
				ONLY_ACTIVE_ARCH = YES;
				SDKROOT = iphoneos;
				SWIFT_ACTIVE_COMPILATION_CONDITIONS = DEBUG;
				SWIFT_OPTIMIZATION_LEVEL = "-Onone";
			};
			name = Debug;
		};
		4BA7F91F29900BA400157886 /* Release */ = {
			isa = XCBuildConfiguration;
			buildSettings = {
				ALWAYS_SEARCH_USER_PATHS = NO;
				CLANG_ANALYZER_NONNULL = YES;
				CLANG_ANALYZER_NUMBER_OBJECT_CONVERSION = YES_AGGRESSIVE;
				CLANG_CXX_LANGUAGE_STANDARD = "gnu++17";
				CLANG_ENABLE_MODULES = YES;
				CLANG_ENABLE_OBJC_ARC = YES;
				CLANG_ENABLE_OBJC_WEAK = YES;
				CLANG_WARN_BLOCK_CAPTURE_AUTORELEASING = YES;
				CLANG_WARN_BOOL_CONVERSION = YES;
				CLANG_WARN_COMMA = YES;
				CLANG_WARN_CONSTANT_CONVERSION = YES;
				CLANG_WARN_DEPRECATED_OBJC_IMPLEMENTATIONS = YES;
				CLANG_WARN_DIRECT_OBJC_ISA_USAGE = YES_ERROR;
				CLANG_WARN_DOCUMENTATION_COMMENTS = YES;
				CLANG_WARN_EMPTY_BODY = YES;
				CLANG_WARN_ENUM_CONVERSION = YES;
				CLANG_WARN_INFINITE_RECURSION = YES;
				CLANG_WARN_INT_CONVERSION = YES;
				CLANG_WARN_NON_LITERAL_NULL_CONVERSION = YES;
				CLANG_WARN_OBJC_IMPLICIT_RETAIN_SELF = YES;
				CLANG_WARN_OBJC_LITERAL_CONVERSION = YES;
				CLANG_WARN_OBJC_ROOT_CLASS = YES_ERROR;
				CLANG_WARN_QUOTED_INCLUDE_IN_FRAMEWORK_HEADER = YES;
				CLANG_WARN_RANGE_LOOP_ANALYSIS = YES;
				CLANG_WARN_STRICT_PROTOTYPES = YES;
				CLANG_WARN_SUSPICIOUS_MOVE = YES;
				CLANG_WARN_UNGUARDED_AVAILABILITY = YES_AGGRESSIVE;
				CLANG_WARN_UNREACHABLE_CODE = YES;
				CLANG_WARN__DUPLICATE_METHOD_MATCH = YES;
				COPY_PHASE_STRIP = NO;
				DEBUG_INFORMATION_FORMAT = "dwarf-with-dsym";
				ENABLE_NS_ASSERTIONS = NO;
				ENABLE_STRICT_OBJC_MSGSEND = YES;
				GCC_C_LANGUAGE_STANDARD = gnu11;
				GCC_NO_COMMON_BLOCKS = YES;
				GCC_WARN_64_TO_32_BIT_CONVERSION = YES;
				GCC_WARN_ABOUT_RETURN_TYPE = YES_ERROR;
				GCC_WARN_UNDECLARED_SELECTOR = YES;
				GCC_WARN_UNINITIALIZED_AUTOS = YES_AGGRESSIVE;
				GCC_WARN_UNUSED_FUNCTION = YES;
				GCC_WARN_UNUSED_VARIABLE = YES;
				IPHONEOS_DEPLOYMENT_TARGET = 15.5;
				MTL_ENABLE_DEBUG_INFO = NO;
				MTL_FAST_MATH = YES;
				SDKROOT = iphoneos;
				SWIFT_COMPILATION_MODE = wholemodule;
				SWIFT_OPTIMIZATION_LEVEL = "-O";
				VALIDATE_PRODUCT = YES;
			};
			name = Release;
		};
		4BA7F92129900BA400157886 /* Debug */ = {
			isa = XCBuildConfiguration;
			buildSettings = {
				ASSETCATALOG_COMPILER_APPICON_NAME = AppIcon;
				ASSETCATALOG_COMPILER_GLOBAL_ACCENT_COLOR_NAME = AccentColor;
				CODE_SIGN_STYLE = Automatic;
				CURRENT_PROJECT_VERSION = 1;
				DEVELOPMENT_ASSET_PATHS = "\"iTodo/Preview Content\"";
				DEVELOPMENT_TEAM = H67J3VG3LU;
				ENABLE_PREVIEWS = YES;
				GENERATE_INFOPLIST_FILE = YES;
				INFOPLIST_KEY_UIApplicationSceneManifest_Generation = YES;
				INFOPLIST_KEY_UIApplicationSupportsIndirectInputEvents = YES;
				INFOPLIST_KEY_UILaunchScreen_Generation = YES;
				INFOPLIST_KEY_UISupportedInterfaceOrientations_iPad = "UIInterfaceOrientationPortrait UIInterfaceOrientationPortraitUpsideDown UIInterfaceOrientationLandscapeLeft UIInterfaceOrientationLandscapeRight";
				INFOPLIST_KEY_UISupportedInterfaceOrientations_iPhone = "UIInterfaceOrientationPortrait UIInterfaceOrientationLandscapeLeft UIInterfaceOrientationLandscapeRight";
				LD_RUNPATH_SEARCH_PATHS = (
					"$(inherited)",
					"@executable_path/Frameworks",
				);
				MARKETING_VERSION = 1.0;
				PRODUCT_BUNDLE_IDENTIFIER = "com.sparta-i.iTodo";
				PRODUCT_NAME = "$(TARGET_NAME)";
				SWIFT_EMIT_LOC_STRINGS = YES;
				SWIFT_VERSION = 5.0;
				TARGETED_DEVICE_FAMILY = "1,2";
			};
			name = Debug;
		};
		4BA7F92229900BA400157886 /* Release */ = {
			isa = XCBuildConfiguration;
			buildSettings = {
				ASSETCATALOG_COMPILER_APPICON_NAME = AppIcon;
				ASSETCATALOG_COMPILER_GLOBAL_ACCENT_COLOR_NAME = AccentColor;
				CODE_SIGN_STYLE = Automatic;
				CURRENT_PROJECT_VERSION = 1;
				DEVELOPMENT_ASSET_PATHS = "\"iTodo/Preview Content\"";
				DEVELOPMENT_TEAM = H67J3VG3LU;
				ENABLE_PREVIEWS = YES;
				GENERATE_INFOPLIST_FILE = YES;
				INFOPLIST_KEY_UIApplicationSceneManifest_Generation = YES;
				INFOPLIST_KEY_UIApplicationSupportsIndirectInputEvents = YES;
				INFOPLIST_KEY_UILaunchScreen_Generation = YES;
				INFOPLIST_KEY_UISupportedInterfaceOrientations_iPad = "UIInterfaceOrientationPortrait UIInterfaceOrientationPortraitUpsideDown UIInterfaceOrientationLandscapeLeft UIInterfaceOrientationLandscapeRight";
				INFOPLIST_KEY_UISupportedInterfaceOrientations_iPhone = "UIInterfaceOrientationPortrait UIInterfaceOrientationLandscapeLeft UIInterfaceOrientationLandscapeRight";
				LD_RUNPATH_SEARCH_PATHS = (
					"$(inherited)",
					"@executable_path/Frameworks",
				);
				MARKETING_VERSION = 1.0;
				PRODUCT_BUNDLE_IDENTIFIER = "com.sparta-i.iTodo";
				PRODUCT_NAME = "$(TARGET_NAME)";
				SWIFT_EMIT_LOC_STRINGS = YES;
				SWIFT_VERSION = 5.0;
				TARGETED_DEVICE_FAMILY = "1,2";
			};
			name = Release;
		};
/* End XCBuildConfiguration section */

/* Begin XCConfigurationList section */
		4BA7F90829900BA300157886 /* Build configuration list for PBXProject "iTodo" */ = {
			isa = XCConfigurationList;
			buildConfigurations = (
				4BA7F91E29900BA400157886 /* Debug */,
				4BA7F91F29900BA400157886 /* Release */,
			);
			defaultConfigurationIsVisible = 0;
			defaultConfigurationName = Release;
		};
		4BA7F92029900BA400157886 /* Build configuration list for PBXNativeTarget "iTodo" */ = {
			isa = XCConfigurationList;
			buildConfigurations = (
				4BA7F92129900BA400157886 /* Debug */,
				4BA7F92229900BA400157886 /* Release */,
			);
			defaultConfigurationIsVisible = 0;
			defaultConfigurationName = Release;
		};
/* End XCConfigurationList section */

/* Begin XCVersionGroup section */
		4BA7F91B29900BA400157886 /* iTodo.xcdatamodeld */ = {
			isa = XCVersionGroup;
			children = (
				4BA7F91C29900BA400157886 /* iTodo.xcdatamodel */,
			);
			currentVersion = 4BA7F91C29900BA400157886 /* iTodo.xcdatamodel */;
			path = iTodo.xcdatamodeld;
			sourceTree = "<group>";
			versionGroupType = wrapper.xcdatamodel;
		};
/* End XCVersionGroup section */
	};
	rootObject = 4BA7F90529900BA300157886 /* Project object */;
}
